// !$*UTF8*$!
{
	archiveVersion = 1;
	classes = {
	};
	objectVersion = 50;
	objects = {

/* Begin PBXBuildFile section */
		C84ECAE5291BF6CF00DD5CBF /* main.cpp in Sources */ = {isa = PBXBuildFile; fileRef = C84ECAE4291BF6CF00DD5CBF /* main.cpp */; };
		C84ECAF9291BFCE900DD5CBF /* libvulkan.1.2.182.dylib in Frameworks */ = {isa = PBXBuildFile; fileRef = C84ECAF8291BFCE900DD5CBF /* libvulkan.1.2.182.dylib */; };
		C84ECAFB291BFCF600DD5CBF /* libvulkan.1.dylib in Frameworks */ = {isa = PBXBuildFile; fileRef = C84ECAFA291BFCF600DD5CBF /* libvulkan.1.dylib */; };
		C87AC6D4291C042200010CC6 /* libglfw.3.3.dylib in Frameworks */ = {isa = PBXBuildFile; fileRef = C87AC6D3291C042200010CC6 /* libglfw.3.3.dylib */; };
		C87AC6D5291C048100010CC6 /* libglfw.3.3.dylib in CopyFiles */ = {isa = PBXBuildFile; fileRef = C87AC6D3291C042200010CC6 /* libglfw.3.3.dylib */; settings = {ATTRIBUTES = (CodeSignOnCopy, ); }; };
		C87AC6D6291C048100010CC6 /* libvulkan.1.dylib in CopyFiles */ = {isa = PBXBuildFile; fileRef = C84ECAFA291BFCF600DD5CBF /* libvulkan.1.dylib */; settings = {ATTRIBUTES = (CodeSignOnCopy, ); }; };
		C87AC6D7291C048100010CC6 /* libvulkan.1.2.182.dylib in CopyFiles */ = {isa = PBXBuildFile; fileRef = C84ECAF8291BFCE900DD5CBF /* libvulkan.1.2.182.dylib */; settings = {ATTRIBUTES = (CodeSignOnCopy, ); }; };
/* End PBXBuildFile section */

/* Begin PBXCopyFilesBuildPhase section */
		C84ECADF291BF6CF00DD5CBF /* CopyFiles */ = {
			isa = PBXCopyFilesBuildPhase;
			buildActionMask = 12;
			dstPath = "";
			dstSubfolderSpec = 10;
			files = (
				C87AC6D5291C048100010CC6 /* libglfw.3.3.dylib in CopyFiles */,
				C87AC6D6291C048100010CC6 /* libvulkan.1.dylib in CopyFiles */,
				C87AC6D7291C048100010CC6 /* libvulkan.1.2.182.dylib in CopyFiles */,
			);
			runOnlyForDeploymentPostprocessing = 0;
		};
/* End PBXCopyFilesBuildPhase section */

/* Begin PBXFileReference section */
		C84ECAE1291BF6CF00DD5CBF /* vulkanTutorialDemo */ = {isa = PBXFileReference; explicitFileType = "compiled.mach-o.executable"; includeInIndex = 0; path = vulkanTutorialDemo; sourceTree = BUILT_PRODUCTS_DIR; };
		C84ECAE4291BF6CF00DD5CBF /* main.cpp */ = {isa = PBXFileReference; lastKnownFileType = sourcecode.cpp.cpp; path = main.cpp; sourceTree = "<group>"; };
		C84ECAF8291BFCE900DD5CBF /* libvulkan.1.2.182.dylib */ = {isa = PBXFileReference; lastKnownFileType = "compiled.mach-o.dylib"; name = libvulkan.1.2.182.dylib; path = ../../../../VulkanSDK/1.2.182.0/macOS/lib/libvulkan.1.2.182.dylib; sourceTree = "<group>"; };
		C84ECAFA291BFCF600DD5CBF /* libvulkan.1.dylib */ = {isa = PBXFileReference; lastKnownFileType = "compiled.mach-o.dylib"; name = libvulkan.1.dylib; path = ../../../../VulkanSDK/1.2.182.0/macOS/lib/libvulkan.1.dylib; sourceTree = "<group>"; };
		C87AC6D3291C042200010CC6 /* libglfw.3.3.dylib */ = {isa = PBXFileReference; lastKnownFileType = "compiled.mach-o.dylib"; name = libglfw.3.3.dylib; path = ../../../../../../usr/local/Cellar/glfw/3.3.6/lib/libglfw.3.3.dylib; sourceTree = "<group>"; };
/* End PBXFileReference section */

/* Begin PBXFrameworksBuildPhase section */
		C84ECADE291BF6CF00DD5CBF /* Frameworks */ = {
			isa = PBXFrameworksBuildPhase;
			buildActionMask = 2147483647;
			files = (
				C87AC6D4291C042200010CC6 /* libglfw.3.3.dylib in Frameworks */,
				C84ECAFB291BFCF600DD5CBF /* libvulkan.1.dylib in Frameworks */,
				C84ECAF9291BFCE900DD5CBF /* libvulkan.1.2.182.dylib in Frameworks */,
			);
			runOnlyForDeploymentPostprocessing = 0;
		};
/* End PBXFrameworksBuildPhase section */

/* Begin PBXGroup section */
		C84ECAD8291BF6CF00DD5CBF = {
			isa = PBXGroup;
			children = (
				C84ECAE3291BF6CF00DD5CBF /* vulkanTutorialDemo */,
				C84ECAE2291BF6CF00DD5CBF /* Products */,
				C84ECAF7291BFCE900DD5CBF /* Frameworks */,
			);
			sourceTree = "<group>";
		};
		C84ECAE2291BF6CF00DD5CBF /* Products */ = {
			isa = PBXGroup;
			children = (
				C84ECAE1291BF6CF00DD5CBF /* vulkanTutorialDemo */,
			);
			name = Products;
			sourceTree = "<group>";
		};
		C84ECAE3291BF6CF00DD5CBF /* vulkanTutorialDemo */ = {
			isa = PBXGroup;
			children = (
				C84ECAE4291BF6CF00DD5CBF /* main.cpp */,
			);
			path = vulkanTutorialDemo;
			sourceTree = "<group>";
		};
		C84ECAF7291BFCE900DD5CBF /* Frameworks */ = {
			isa = PBXGroup;
			children = (
				C87AC6D3291C042200010CC6 /* libglfw.3.3.dylib */,
				C84ECAFA291BFCF600DD5CBF /* libvulkan.1.dylib */,
				C84ECAF8291BFCE900DD5CBF /* libvulkan.1.2.182.dylib */,
			);
			name = Frameworks;
			sourceTree = "<group>";
		};
/* End PBXGroup section */

/* Begin PBXNativeTarget section */
		C84ECAE0291BF6CF00DD5CBF /* vulkanTutorialDemo */ = {
			isa = PBXNativeTarget;
			buildConfigurationList = C84ECAE8291BF6CF00DD5CBF /* Build configuration list for PBXNativeTarget "vulkanTutorialDemo" */;
			buildPhases = (
				C84ECADD291BF6CF00DD5CBF /* Sources */,
				C84ECADE291BF6CF00DD5CBF /* Frameworks */,
				C84ECADF291BF6CF00DD5CBF /* CopyFiles */,
			);
			buildRules = (
			);
			dependencies = (
			);
			name = vulkanTutorialDemo;
			productName = vulkanTutorialDemo;
			productReference = C84ECAE1291BF6CF00DD5CBF /* vulkanTutorialDemo */;
			productType = "com.apple.product-type.tool";
		};
/* End PBXNativeTarget section */

/* Begin PBXProject section */
		C84ECAD9291BF6CF00DD5CBF /* Project object */ = {
			isa = PBXProject;
			attributes = {
				LastUpgradeCheck = 1240;
				TargetAttributes = {
					C84ECAE0291BF6CF00DD5CBF = {
						CreatedOnToolsVersion = 12.4;
					};
				};
			};
			buildConfigurationList = C84ECADC291BF6CF00DD5CBF /* Build configuration list for PBXProject "vulkanTutorialDemo" */;
			compatibilityVersion = "Xcode 9.3";
			developmentRegion = en;
			hasScannedForEncodings = 0;
			knownRegions = (
				en,
				Base,
			);
			mainGroup = C84ECAD8291BF6CF00DD5CBF;
			productRefGroup = C84ECAE2291BF6CF00DD5CBF /* Products */;
			projectDirPath = "";
			projectRoot = "";
			targets = (
				C84ECAE0291BF6CF00DD5CBF /* vulkanTutorialDemo */,
			);
		};
/* End PBXProject section */

/* Begin PBXSourcesBuildPhase section */
		C84ECADD291BF6CF00DD5CBF /* Sources */ = {
			isa = PBXSourcesBuildPhase;
			buildActionMask = 2147483647;
			files = (
				C84ECAE5291BF6CF00DD5CBF /* main.cpp in Sources */,
			);
			runOnlyForDeploymentPostprocessing = 0;
		};
/* End PBXSourcesBuildPhase section */

/* Begin XCBuildConfiguration section */
		C84ECAE6291BF6CF00DD5CBF /* Debug */ = {
			isa = XCBuildConfiguration;
			buildSettings = {
				ALWAYS_SEARCH_USER_PATHS = NO;
				CLANG_ANALYZER_NONNULL = YES;
				CLANG_ANALYZER_NUMBER_OBJECT_CONVERSION = YES_AGGRESSIVE;
				CLANG_CXX_LANGUAGE_STANDARD = "gnu++14";
				CLANG_CXX_LIBRARY = "libc++";
				CLANG_ENABLE_MODULES = YES;
				CLANG_ENABLE_OBJC_ARC = YES;
				CLANG_ENABLE_OBJC_WEAK = YES;
				CLANG_WARN_BLOCK_CAPTURE_AUTORELEASING = YES;
				CLANG_WARN_BOOL_CONVERSION = YES;
				CLANG_WARN_COMMA = YES;
				CLANG_WARN_CONSTANT_CONVERSION = YES;
				CLANG_WARN_DEPRECATED_OBJC_IMPLEMENTATIONS = YES;
				CLANG_WARN_DIRECT_OBJC_ISA_USAGE = YES_ERROR;
				CLANG_WARN_DOCUMENTATION_COMMENTS = YES;
				CLANG_WARN_EMPTY_BODY = YES;
				CLANG_WARN_ENUM_CONVERSION = YES;
				CLANG_WARN_INFINITE_RECURSION = YES;
				CLANG_WARN_INT_CONVERSION = YES;
				CLANG_WARN_NON_LITERAL_NULL_CONVERSION = YES;
				CLANG_WARN_OBJC_IMPLICIT_RETAIN_SELF = YES;
				CLANG_WARN_OBJC_LITERAL_CONVERSION = YES;
				CLANG_WARN_OBJC_ROOT_CLASS = YES_ERROR;
				CLANG_WARN_QUOTED_INCLUDE_IN_FRAMEWORK_HEADER = YES;
				CLANG_WARN_RANGE_LOOP_ANALYSIS = YES;
				CLANG_WARN_STRICT_PROTOTYPES = YES;
				CLANG_WARN_SUSPICIOUS_MOVE = YES;
				CLANG_WARN_UNGUARDED_AVAILABILITY = YES_AGGRESSIVE;
				CLANG_WARN_UNREACHABLE_CODE = YES;
				CLANG_WARN__DUPLICATE_METHOD_MATCH = YES;
				COPY_PHASE_STRIP = NO;
				DEBUG_INFORMATION_FORMAT = dwarf;
				ENABLE_STRICT_OBJC_MSGSEND = YES;
				ENABLE_TESTABILITY = YES;
				GCC_C_LANGUAGE_STANDARD = gnu11;
				GCC_DYNAMIC_NO_PIC = NO;
				GCC_NO_COMMON_BLOCKS = YES;
				GCC_OPTIMIZATION_LEVEL = 0;
				GCC_PREPROCESSOR_DEFINITIONS = (
					"DEBUG=1",
					"$(inherited)",
				);
				GCC_WARN_64_TO_32_BIT_CONVERSION = YES;
				GCC_WARN_ABOUT_RETURN_TYPE = YES_ERROR;
				GCC_WARN_UNDECLARED_SELECTOR = YES;
				GCC_WARN_UNINITIALIZED_AUTOS = YES_AGGRESSIVE;
				GCC_WARN_UNUSED_FUNCTION = YES;
				GCC_WARN_UNUSED_VARIABLE = YES;
				MACOSX_DEPLOYMENT_TARGET = 10.15;
				MTL_ENABLE_DEBUG_INFO = INCLUDE_SOURCE;
				MTL_FAST_MATH = YES;
				ONLY_ACTIVE_ARCH = YES;
				SDKROOT = macosx;
			};
			name = Debug;
		};
		C84ECAE7291BF6CF00DD5CBF /* Release */ = {
			isa = XCBuildConfiguration;
			buildSettings = {
				ALWAYS_SEARCH_USER_PATHS = NO;
				CLANG_ANALYZER_NONNULL = YES;
				CLANG_ANALYZER_NUMBER_OBJECT_CONVERSION = YES_AGGRESSIVE;
				CLANG_CXX_LANGUAGE_STANDARD = "gnu++14";
				CLANG_CXX_LIBRARY = "libc++";
				CLANG_ENABLE_MODULES = YES;
				CLANG_ENABLE_OBJC_ARC = YES;
				CLANG_ENABLE_OBJC_WEAK = YES;
				CLANG_WARN_BLOCK_CAPTURE_AUTORELEASING = YES;
				CLANG_WARN_BOOL_CONVERSION = YES;
				CLANG_WARN_COMMA = YES;
				CLANG_WARN_CONSTANT_CONVERSION = YES;
				CLANG_WARN_DEPRECATED_OBJC_IMPLEMENTATIONS = YES;
				CLANG_WARN_DIRECT_OBJC_ISA_USAGE = YES_ERROR;
				CLANG_WARN_DOCUMENTATION_COMMENTS = YES;
				CLANG_WARN_EMPTY_BODY = YES;
				CLANG_WARN_ENUM_CONVERSION = YES;
				CLANG_WARN_INFINITE_RECURSION = YES;
				CLANG_WARN_INT_CONVERSION = YES;
				CLANG_WARN_NON_LITERAL_NULL_CONVERSION = YES;
				CLANG_WARN_OBJC_IMPLICIT_RETAIN_SELF = YES;
				CLANG_WARN_OBJC_LITERAL_CONVERSION = YES;
				CLANG_WARN_OBJC_ROOT_CLASS = YES_ERROR;
				CLANG_WARN_QUOTED_INCLUDE_IN_FRAMEWORK_HEADER = YES;
				CLANG_WARN_RANGE_LOOP_ANALYSIS = YES;
				CLANG_WARN_STRICT_PROTOTYPES = YES;
				CLANG_WARN_SUSPICIOUS_MOVE = YES;
				CLANG_WARN_UNGUARDED_AVAILABILITY = YES_AGGRESSIVE;
				CLANG_WARN_UNREACHABLE_CODE = YES;
				CLANG_WARN__DUPLICATE_METHOD_MATCH = YES;
				COPY_PHASE_STRIP = NO;
				DEBUG_INFORMATION_FORMAT = "dwarf-with-dsym";
				ENABLE_NS_ASSERTIONS = NO;
				ENABLE_STRICT_OBJC_MSGSEND = YES;
				GCC_C_LANGUAGE_STANDARD = gnu11;
				GCC_NO_COMMON_BLOCKS = YES;
				GCC_WARN_64_TO_32_BIT_CONVERSION = YES;
				GCC_WARN_ABOUT_RETURN_TYPE = YES_ERROR;
				GCC_WARN_UNDECLARED_SELECTOR = YES;
				GCC_WARN_UNINITIALIZED_AUTOS = YES_AGGRESSIVE;
				GCC_WARN_UNUSED_FUNCTION = YES;
				GCC_WARN_UNUSED_VARIABLE = YES;
				MACOSX_DEPLOYMENT_TARGET = 10.15;
				MTL_ENABLE_DEBUG_INFO = NO;
				MTL_FAST_MATH = YES;
				SDKROOT = macosx;
			};
			name = Release;
		};
		C84ECAE9291BF6CF00DD5CBF /* Debug */ = {
			isa = XCBuildConfiguration;
			buildSettings = {
				CODE_SIGN_STYLE = Automatic;
				HEADER_SEARCH_PATHS = (
					/usr/local/include,
					/Users/xuyanbing1/VulkanSDK/1.2.182.0/macOS/include,
				);
				LIBRARY_SEARCH_PATHS = (
					/usr/local/lib,
					/Users/xuyanbing1/VulkanSDK/1.2.182.0/macOS/lib,
					/usr/local/Cellar/glfw/3.3.6/lib,
				);
				PRODUCT_NAME = "$(TARGET_NAME)";
			};
			name = Debug;
		};
		C84ECAEA291BF6CF00DD5CBF /* Release */ = {
			isa = XCBuildConfiguration;
			buildSettings = {
				CODE_SIGN_STYLE = Automatic;
				HEADER_SEARCH_PATHS = (
					/usr/local/include,
					/Users/xuyanbing1/VulkanSDK/1.2.182.0/macOS/include,
				);
				LIBRARY_SEARCH_PATHS = (
					/usr/local/lib,
					/Users/xuyanbing1/VulkanSDK/1.2.182.0/macOS/lib,
					/usr/local/Cellar/glfw/3.3.6/lib,
				);
				PRODUCT_NAME = "$(TARGET_NAME)";
			};
			name = Release;
		};
/* End XCBuildConfiguration section */

/* Begin XCConfigurationList section */
		C84ECADC291BF6CF00DD5CBF /* Build configuration list for PBXProject "vulkanTutorialDemo" */ = {
			isa = XCConfigurationList;
			buildConfigurations = (
				C84ECAE6291BF6CF00DD5CBF /* Debug */,
				C84ECAE7291BF6CF00DD5CBF /* Release */,
			);
			defaultConfigurationIsVisible = 0;
			defaultConfigurationName = Release;
		};
		C84ECAE8291BF6CF00DD5CBF /* Build configuration list for PBXNativeTarget "vulkanTutorialDemo" */ = {
			isa = XCConfigurationList;
			buildConfigurations = (
				C84ECAE9291BF6CF00DD5CBF /* Debug */,
				C84ECAEA291BF6CF00DD5CBF /* Release */,
			);
			defaultConfigurationIsVisible = 0;
			defaultConfigurationName = Release;
		};
/* End XCConfigurationList section */
	};
	rootObject = C84ECAD9291BF6CF00DD5CBF /* Project object */;
}
